{
  "version": 4,
  "terraform_version": "0.15.5",
  "serial": 12,
  "lineage": "2872e3d7-358f-45be-5ed1-3a1b89398f76",
  "outputs": {
    "tls_private_key": {
      "value": "-----BEGIN RSA PRIVATE KEY-----\nMIIJKQIBAAKCAgEA0MuoPaQomKdZaWKmlzLCQm6PqfvSYkDb/iPf0Zc7vc3bJBvR\nb1UWT9FlgBk2AqLO/OiQNpk8E2VHsfs5qDPF8NsDGM+XqnMydn/ldfUcC0k+D9Ki\nS4UTqzuJIsH4CMJs8jjMgi+kG0aeEBP+CjSDrpAAtThWMpuIPu7hKeDFwXFrLOG1\nCLZbC/CmU6tNdkgzMQjltsi1juZw3J+CG1B/KdPdWTcxMHJzSRSm9sTlFZTup4JP\n2QRilxF0unOHg45/TbdQz3PRJVOSTj7nVUoEUz9hoDsH7AmPnTSW1tNenHymVMm4\nQCQRNKcvNWEWqxGY4JMUCe6U5crohcELSW2GtbmsH9rjoD+MuxjIsEb6u91aQoYd\n1CrFq7su57YGWyCZ5a90qAsdK/EEUKue/h+rrfetA4zdPos+43zYJ3CGZwzfeDqP\nluJ7Ob5bHILOrUmqU/Nyu5YlV6EXAdY8CZSrgD+W4cHLK8uogdK3UgHbEd0rNULW\nzocMOXrPLAobjuL0f2yquAXuSkoqovmx1XD/V0bozNmhoi8EDxUwo79Jr6H6O1Up\nHniB0t4D89LMxLLDWMtZa53PZZyOopx0H+WJ7AiABhbi9RIB2bpIolwqHjMFpsoi\nloX/W2Y/9WNY36BblZFUgEBEucs7AWki3mX+T0c/BlqMyYpvSHVhj6UsNZECAwEA\nAQKCAgEAwyz88dIYGMqmq/qJm2DZclwDc3Rwr2PNwX0rZbKnJ7/cj55pYlb5aldl\nOB9Y+5HRR1zmIgOPwtmz8U3UEcWDzKgN9w1myvCwRVE838zmEC7BEu1kxI97WV9n\ny9Ph1d5ZFPu/QBrknpKego0NteBtD6qQ3tXwzZHSBHIsjIcOlMs+0k+SeLht13V3\nJVNGL8FCCR42DW0FOrVy3ulEJ+BRXnoruY/8LTtvROtHP/nB4zC6/l6z4TtWJb0t\njnUcQf/cRHuN0L6EzQ2YAAiRGor8DA19ZtiHiT9OvjdAoUQodsOWgD+oOlz8sGlv\nmchN9k+Wxqb13mrlSQEp5o4TzOnTNy/wC+HJj/8CuvG4b6/t7fy7BLKmagX/Hdxc\nUmeC7JVOtdPQtkSI8+VdbsFfFuN+BDk1pYAOOfVQ196y74dQ2LG+nGeyMhXc6gSf\nA2PLgZf/El6Q1h836u9fuV7QWCg8u5WdAq/+apyQsAOmdhLKvyY0pseQbklgg5g/\nIDKbft9FKpLpaTefLLdwy+s2QbrxhwdBe4rsgnCiBGzBhLCsK55bki7XXD/6n20n\naJBFL4+QQFc1tJd+ox2Dgq8twbwpTh3rjsPAYM6oevAeKCDDe/anXTtz9dewbntR\nzRqWkvN2Q/cYXlqP+JWPMT5s8rYRFGJ3eEOSAAFByXEoyFK+P9kCggEBAPBKsTDM\nrRiIE/TEBf8rIOZmN5VwsWLIpWPT0UKAgOV3Sw8J3yu1k6AKwtM5OuCY8VFd2M0W\nn38o7uhUSI2z71Ga57oyIskTXCoDT5WPbSfxHcPayKg5+m7N+Za6uGcIrmQJkbl5\nhAr44mmbAR4pNRqPqY9Aoxsue0g4WapGaWWdkXIk0mSvwhn1H0p6pL3F0hCl8sV+\nDSL1r66yIXH0aLDOiLeMkWKTdoNBxGxQsuvoymVzq+o+T9R/AI/TeJnILMet+wgf\nY/yXIv8qi/l6/wGeVehbi6nNdxEzYNDNG0EGuEqfe58qahAqMHpmBk/BKRzhD/ew\n087nMhw2xkRvIisCggEBAN5x31EEaecDV0hPLNcvrxyoiOGi7bE+I5YjDjYfbiq9\nmSuTjWuUqDYGSDk8rytLouL144K5ojMt0/RFw8gNJV+wUVNQu/ctadIvO6CfEGD4\negz6242XE9qC9q/F9B1TpB+p3Fn7+sObEa6RdN0J6u48HXkSAynyZhSw8hNcwhcR\nb/Ao5MgL9YToDQyNS0nuWkrtXhe/zdtfHEk57eV2QTkqffHXPdm8hNKcUXvW12mz\niQbBRNtxncqkFDPBeEKPJjrSNR2gkkQfLhL+F/6hD7j7hVJ3Ns46cOP2RbWBxfw4\n/ozeB+bNqNuJIunQdFoepofsCaVeEmszIUJiLr+gtTMCggEAZyzrIDUCLgJf7z0s\nBgCSw9soCra0s+HLgi21MITU07KBPBfVB4OTu6hjNybfrQh+tZ1CNe181rDQxFlM\nPewA2l1VGpHkdcomTLPXPDS1fez+BtauSe17JpCylpHeE/+aQcIKHEWc+MkdDpNL\ny5OOBbWh7KyoXEd9D+mCNqa9IrChfw1oeWsuQM8LfINksUd7h0J6F2qkYVp08OHz\nkmaLfT9xXL6yvkzrGjjnCkssSDdQkHc2XgIbbPaLWzZGFmHpOGPv4fD4kcCjekTe\njWTOkfdWk8qbEXHzqiMRcxZemXE1OHV6M0GXARHcdvHPy/b4nDnXDVeT2sdSsOKk\nB0ZguQKCAQEAowotlzE3+fWN7NbzU8mEfOneYhtMQoP8C1goW20QD02mTbU5i2eL\nHwXdu+4Jqh8nBVkaZz9ubjqhxsG3rRJNmWQfR4S+MH5duIucFa9gjuKweoEHmTDp\ngVhKPS1HLpOWkQqsElxJQUOQYzYDxNs3EWSIaavVG9KqFXJYC+8J52SFei5O+X0i\neEapAdEyJL8J+S8fryKLXMXKcrV985iIV8EYTMDpeYTeiYu/gZhHjRblUUkpEfql\nn9hBYmnknkxTxfs6qTt+2WVNHOiWZ7BfWMMpxfbQ+bkF82AXWeEDX0na8R7wBbAp\nmrdaGqwKC9+5SZisvUNFFsOEFibmgtfk1wKCAQA/uDe/B9VxpObNzHup3hf5kyDu\nveeBp7IKjxt+nOu7k6B5pZpBiLrjaMi29hxx3xVlC5oVSxvxUg5g/PHxIBhROpt/\na3jVA5FJV670u4a0+anpBcAX8PYTiwm7W1Ls9rIEzv4FVD/X3tZNbvaqhClb/kH5\nuN/3hWujLO9/Pn2oWCR15/4QKPMKG8Cp7tMcFMesL3NuaLWoqdGEHZMgKtKxKnVL\nxYXM8wyaF1LVcsFMH2ap5jW0OQxXUyG9ObJc1YqnsvexXTWeovLvP+h94eGtGkcz\nK2JinCC9U/7bodk8gQnWgqnT0mwFVXYtmuuZQ+oTYDl+IEJO4nMUweYzKdlN\n-----END RSA PRIVATE KEY-----\n",
      "type": "string",
      "sensitive": true
    }
  },
  "resources": [
    {
      "mode": "managed",
      "type": "azurerm_linux_virtual_machine",
      "name": "myterraformvm",
      "provider": "provider[\"registry.terraform.io/hashicorp/azurerm\"]",
      "instances": [
        {
          "schema_version": 0,
          "attributes": {
            "additional_capabilities": [],
            "admin_password": null,
            "admin_ssh_key": [
              {
                "public_key": "ssh-rsa AAAAB3NzaC1yc2EAAAADAQABAAACAQDQy6g9pCiYp1lpYqaXMsJCbo+p+9JiQNv+I9/Rlzu9zdskG9FvVRZP0WWAGTYCos786JA2mTwTZUex+zmoM8Xw2wMYz5eqczJ2f+V19RwLST4P0qJLhROrO4kiwfgIwmzyOMyCL6QbRp4QE/4KNIOukAC1OFYym4g+7uEp4MXBcWss4bUItlsL8KZTq012SDMxCOW2yLWO5nDcn4IbUH8p091ZNzEwcnNJFKb2xOUVlO6ngk/ZBGKXEXS6c4eDjn9Nt1DPc9ElU5JOPudVSgRTP2GgOwfsCY+dNJbW016cfKZUybhAJBE0py81YRarEZjgkxQJ7pTlyuiFwQtJbYa1uawf2uOgP4y7GMiwRvq73VpChh3UKsWruy7ntgZbIJnlr3SoCx0r8QRQq57+H6ut960DjN0+iz7jfNgncIZnDN94Oo+W4ns5vlscgs6tSapT83K7liVXoRcB1jwJlKuAP5bhwcsry6iB0rdSAdsR3Ss1QtbOhww5es8sChuO4vR/bKq4Be5KSiqi+bHVcP9XRujM2aGiLwQPFTCjv0mvofo7VSkeeIHS3gPz0szEssNYy1lrnc9lnI6inHQf5YnsCIAGFuL1EgHZukiiXCoeMwWmyiKWhf9bZj/1Y1jfoFuVkVSAQES5yzsBaSLeZf5PRz8GWozJim9IdWGPpSw1kQ==\n",
                "username": "azureuser"
              }
            ],
            "admin_username": "azureuser",
            "allow_extension_operations": true,
            "availability_set_id": "",
            "boot_diagnostics": [
              {
                "storage_account_uri": "https://diag2eb38ee29a4195c8.blob.core.windows.net/"
              }
            ],
            "computer_name": "myvm",
            "custom_data": null,
            "dedicated_host_id": "",
            "disable_password_authentication": true,
            "encryption_at_host_enabled": false,
            "eviction_policy": "",
            "extensions_time_budget": "PT1H30M",
            "id": "/subscriptions/6ff4ba06-5b53-4b82-b31c-ece94622dadc/resourceGroups/myResourceGroup/providers/Microsoft.Compute/virtualMachines/myVM",
            "identity": [],
            "location": "eastus",
            "max_bid_price": -1,
            "name": "myVM",
            "network_interface_ids": [
              "/subscriptions/6ff4ba06-5b53-4b82-b31c-ece94622dadc/resourceGroups/myResourceGroup/providers/Microsoft.Network/networkInterfaces/myNIC"
            ],
            "os_disk": [
              {
                "caching": "ReadWrite",
                "diff_disk_settings": [],
                "disk_encryption_set_id": "",
                "disk_size_gb": 30,
                "name": "myOsDisk",
                "storage_account_type": "Premium_LRS",
                "write_accelerator_enabled": false
              }
            ],
            "plan": [],
            "priority": "Regular",
            "private_ip_address": "10.0.2.4",
            "private_ip_addresses": [
              "10.0.2.4"
            ],
            "provision_vm_agent": true,
            "proximity_placement_group_id": "",
            "public_ip_address": "20.185.90.205",
            "public_ip_addresses": [
              "20.185.90.205"
            ],
            "resource_group_name": "myResourceGroup",
            "secret": [],
            "size": "Standard_DS1_v2",
            "source_image_id": "",
            "source_image_reference": [
              {
                "offer": "UbuntuServer",
                "publisher": "Canonical",
                "sku": "18.04-LTS",
                "version": "latest"
              }
            ],
            "tags": {
              "environment": "Terraform Demo"
            },
            "timeouts": null,
            "virtual_machine_id": "d1f54ab7-e433-4e57-a1a9-30505a1db8e6",
            "virtual_machine_scale_set_id": "",
            "zone": ""
          },
          "sensitive_attributes": [],
          "private": "eyJlMmJmYjczMC1lY2FhLTExZTYtOGY4OC0zNDM2M2JjN2M0YzAiOnsiY3JlYXRlIjoyNzAwMDAwMDAwMDAwLCJkZWxldGUiOjI3MDAwMDAwMDAwMDAsInJlYWQiOjMwMDAwMDAwMDAwMCwidXBkYXRlIjoyNzAwMDAwMDAwMDAwfX0=",
          "dependencies": [
            "azurerm_network_interface.myterraformnic",
            "azurerm_public_ip.myterraformpublicip",
            "azurerm_resource_group.myterraformgroup",
            "azurerm_storage_account.mystorageaccount",
            "azurerm_subnet.myterraformsubnet",
            "azurerm_virtual_network.myterraformnetwork",
            "random_id.randomId",
            "tls_private_key.example_ssh"
          ]
        }
      ]
    },
    {
      "mode": "managed",
      "type": "azurerm_network_interface",
      "name": "myterraformnic",
      "provider": "provider[\"registry.terraform.io/hashicorp/azurerm\"]",
      "instances": [
        {
          "schema_version": 0,
          "attributes": {
            "applied_dns_servers": [],
            "dns_servers": [],
            "enable_accelerated_networking": false,
            "enable_ip_forwarding": false,
            "id": "/subscriptions/6ff4ba06-5b53-4b82-b31c-ece94622dadc/resourceGroups/myResourceGroup/providers/Microsoft.Network/networkInterfaces/myNIC",
            "internal_dns_name_label": "",
            "internal_domain_name_suffix": "jcp32w1jikge5ldyukhapzmc4f.bx.internal.cloudapp.net",
            "ip_configuration": [
              {
                "name": "myNicConfiguration",
                "primary": true,
                "private_ip_address": "10.0.2.4",
                "private_ip_address_allocation": "Dynamic",
                "private_ip_address_version": "IPv4",
                "public_ip_address_id": "/subscriptions/6ff4ba06-5b53-4b82-b31c-ece94622dadc/resourceGroups/myResourceGroup/providers/Microsoft.Network/publicIPAddresses/myPublicIP",
                "subnet_id": "/subscriptions/6ff4ba06-5b53-4b82-b31c-ece94622dadc/resourceGroups/myResourceGroup/providers/Microsoft.Network/virtualNetworks/myVnet/subnets/mySubnet"
              }
            ],
            "location": "eastus",
            "mac_address": "",
            "name": "myNIC",
            "private_ip_address": "10.0.2.4",
            "private_ip_addresses": [
              "10.0.2.4"
            ],
            "resource_group_name": "myResourceGroup",
            "tags": {
              "environment": "Terraform Demo"
            },
            "timeouts": null,
            "virtual_machine_id": ""
          },
          "sensitive_attributes": [],
          "private": "eyJlMmJmYjczMC1lY2FhLTExZTYtOGY4OC0zNDM2M2JjN2M0YzAiOnsiY3JlYXRlIjoxODAwMDAwMDAwMDAwLCJkZWxldGUiOjE4MDAwMDAwMDAwMDAsInJlYWQiOjMwMDAwMDAwMDAwMCwidXBkYXRlIjoxODAwMDAwMDAwMDAwfX0=",
          "dependencies": [
            "azurerm_public_ip.myterraformpublicip",
            "azurerm_resource_group.myterraformgroup",
            "azurerm_subnet.myterraformsubnet",
            "azurerm_virtual_network.myterraformnetwork"
          ]
        }
      ]
    },
    {
      "mode": "managed",
      "type": "azurerm_network_interface_security_group_association",
      "name": "example",
      "provider": "provider[\"registry.terraform.io/hashicorp/azurerm\"]",
      "instances": [
        {
          "schema_version": 0,
          "attributes": {
            "id": "/subscriptions/6ff4ba06-5b53-4b82-b31c-ece94622dadc/resourceGroups/myResourceGroup/providers/Microsoft.Network/networkInterfaces/myNIC|/subscriptions/6ff4ba06-5b53-4b82-b31c-ece94622dadc/resourceGroups/myResourceGroup/providers/Microsoft.Network/networkSecurityGroups/myNetworkSecurityGroup",
            "network_interface_id": "/subscriptions/6ff4ba06-5b53-4b82-b31c-ece94622dadc/resourceGroups/myResourceGroup/providers/Microsoft.Network/networkInterfaces/myNIC",
            "network_security_group_id": "/subscriptions/6ff4ba06-5b53-4b82-b31c-ece94622dadc/resourceGroups/myResourceGroup/providers/Microsoft.Network/networkSecurityGroups/myNetworkSecurityGroup",
            "timeouts": null
          },
          "sensitive_attributes": [],
          "private": "eyJlMmJmYjczMC1lY2FhLTExZTYtOGY4OC0zNDM2M2JjN2M0YzAiOnsiY3JlYXRlIjoxODAwMDAwMDAwMDAwLCJkZWxldGUiOjE4MDAwMDAwMDAwMDAsInJlYWQiOjMwMDAwMDAwMDAwMCwidXBkYXRlIjoxODAwMDAwMDAwMDAwfX0=",
          "dependencies": [
            "azurerm_network_interface.myterraformnic",
            "azurerm_network_security_group.myterraformnsg",
            "azurerm_public_ip.myterraformpublicip",
            "azurerm_resource_group.myterraformgroup",
            "azurerm_subnet.myterraformsubnet",
            "azurerm_virtual_network.myterraformnetwork"
          ]
        }
      ]
    },
    {
      "mode": "managed",
      "type": "azurerm_network_security_group",
      "name": "myterraformnsg",
      "provider": "provider[\"registry.terraform.io/hashicorp/azurerm\"]",
      "instances": [
        {
          "schema_version": 0,
          "attributes": {
            "id": "/subscriptions/6ff4ba06-5b53-4b82-b31c-ece94622dadc/resourceGroups/myResourceGroup/providers/Microsoft.Network/networkSecurityGroups/myNetworkSecurityGroup",
            "location": "eastus",
            "name": "myNetworkSecurityGroup",
            "resource_group_name": "myResourceGroup",
            "security_rule": [
              {
                "access": "Allow",
                "description": "",
                "destination_address_prefix": "*",
                "destination_address_prefixes": [],
                "destination_application_security_group_ids": [],
                "destination_port_range": "22",
                "destination_port_ranges": [],
                "direction": "Inbound",
                "name": "SSH",
                "priority": 1001,
                "protocol": "Tcp",
                "source_address_prefix": "*",
                "source_address_prefixes": [],
                "source_application_security_group_ids": [],
                "source_port_range": "*",
                "source_port_ranges": []
              }
            ],
            "tags": {
              "environment": "Terraform Demo"
            },
            "timeouts": null
          },
          "sensitive_attributes": [],
          "private": "eyJlMmJmYjczMC1lY2FhLTExZTYtOGY4OC0zNDM2M2JjN2M0YzAiOnsiY3JlYXRlIjoxODAwMDAwMDAwMDAwLCJkZWxldGUiOjE4MDAwMDAwMDAwMDAsInJlYWQiOjMwMDAwMDAwMDAwMCwidXBkYXRlIjoxODAwMDAwMDAwMDAwfX0=",
          "dependencies": [
            "azurerm_resource_group.myterraformgroup"
          ]
        }
      ]
    },
    {
      "mode": "managed",
      "type": "azurerm_public_ip",
      "name": "myterraformpublicip",
      "provider": "provider[\"registry.terraform.io/hashicorp/azurerm\"]",
      "instances": [
        {
          "schema_version": 0,
          "attributes": {
            "allocation_method": "Dynamic",
            "domain_name_label": null,
            "fqdn": null,
            "id": "/subscriptions/6ff4ba06-5b53-4b82-b31c-ece94622dadc/resourceGroups/myResourceGroup/providers/Microsoft.Network/publicIPAddresses/myPublicIP",
            "idle_timeout_in_minutes": 4,
            "ip_address": "",
            "ip_version": "IPv4",
            "location": "eastus",
            "name": "myPublicIP",
            "public_ip_prefix_id": null,
            "resource_group_name": "myResourceGroup",
            "reverse_fqdn": null,
            "sku": "Basic",
            "tags": {
              "environment": "Terraform Demo"
            },
            "timeouts": null,
            "zones": null
          },
          "sensitive_attributes": [],
          "private": "eyJlMmJmYjczMC1lY2FhLTExZTYtOGY4OC0zNDM2M2JjN2M0YzAiOnsiY3JlYXRlIjoxODAwMDAwMDAwMDAwLCJkZWxldGUiOjE4MDAwMDAwMDAwMDAsInJlYWQiOjMwMDAwMDAwMDAwMCwidXBkYXRlIjoxODAwMDAwMDAwMDAwfX0=",
          "dependencies": [
            "azurerm_resource_group.myterraformgroup"
          ]
        }
      ]
    },
    {
      "mode": "managed",
      "type": "azurerm_resource_group",
      "name": "myterraformgroup",
      "provider": "provider[\"registry.terraform.io/hashicorp/azurerm\"]",
      "instances": [
        {
          "schema_version": 0,
          "attributes": {
            "id": "/subscriptions/6ff4ba06-5b53-4b82-b31c-ece94622dadc/resourceGroups/myResourceGroup",
            "location": "eastus",
            "name": "myResourceGroup",
            "tags": {
              "environment": "Terraform Demo"
            },
            "timeouts": null
          },
          "sensitive_attributes": [],
          "private": "eyJlMmJmYjczMC1lY2FhLTExZTYtOGY4OC0zNDM2M2JjN2M0YzAiOnsiY3JlYXRlIjo1NDAwMDAwMDAwMDAwLCJkZWxldGUiOjU0MDAwMDAwMDAwMDAsInJlYWQiOjMwMDAwMDAwMDAwMCwidXBkYXRlIjo1NDAwMDAwMDAwMDAwfX0="
        }
      ]
    },
    {
      "mode": "managed",
      "type": "azurerm_storage_account",
      "name": "mystorageaccount",
      "provider": "provider[\"registry.terraform.io/hashicorp/azurerm\"]",
      "instances": [
        {
          "schema_version": 2,
          "attributes": {
            "access_tier": "Hot",
            "account_kind": "StorageV2",
            "account_replication_type": "LRS",
            "account_tier": "Standard",
            "allow_blob_public_access": false,
            "blob_properties": [],
            "custom_domain": [],
            "enable_https_traffic_only": true,
            "id": "/subscriptions/6ff4ba06-5b53-4b82-b31c-ece94622dadc/resourceGroups/myResourceGroup/providers/Microsoft.Storage/storageAccounts/diag2eb38ee29a4195c8",
            "identity": [],
            "is_hns_enabled": false,
            "large_file_share_enabled": null,
            "location": "eastus",
            "min_tls_version": "TLS1_0",
            "name": "diag2eb38ee29a4195c8",
            "network_rules": [
              {
                "bypass": [
                  "AzureServices"
                ],
                "default_action": "Allow",
                "ip_rules": [],
                "virtual_network_subnet_ids": []
              }
            ],
            "primary_access_key": "YaNPx2jFmRl5hM9idu7ITmdS5Xd4pUoj6Kigt9CHip6Pp/ZJG5rGr0nt7JmOe6bGWr9E3ZkQk0XXSftMPDXrsA==",
            "primary_blob_connection_string": "DefaultEndpointsProtocol=https;BlobEndpoint=https://diag2eb38ee29a4195c8.blob.core.windows.net/;AccountName=diag2eb38ee29a4195c8;AccountKey=YaNPx2jFmRl5hM9idu7ITmdS5Xd4pUoj6Kigt9CHip6Pp/ZJG5rGr0nt7JmOe6bGWr9E3ZkQk0XXSftMPDXrsA==",
            "primary_blob_endpoint": "https://diag2eb38ee29a4195c8.blob.core.windows.net/",
            "primary_blob_host": "diag2eb38ee29a4195c8.blob.core.windows.net",
            "primary_connection_string": "DefaultEndpointsProtocol=https;AccountName=diag2eb38ee29a4195c8;AccountKey=YaNPx2jFmRl5hM9idu7ITmdS5Xd4pUoj6Kigt9CHip6Pp/ZJG5rGr0nt7JmOe6bGWr9E3ZkQk0XXSftMPDXrsA==;EndpointSuffix=core.windows.net",
            "primary_dfs_endpoint": "https://diag2eb38ee29a4195c8.dfs.core.windows.net/",
            "primary_dfs_host": "diag2eb38ee29a4195c8.dfs.core.windows.net",
            "primary_file_endpoint": "https://diag2eb38ee29a4195c8.file.core.windows.net/",
            "primary_file_host": "diag2eb38ee29a4195c8.file.core.windows.net",
            "primary_location": "eastus",
            "primary_queue_endpoint": "https://diag2eb38ee29a4195c8.queue.core.windows.net/",
            "primary_queue_host": "diag2eb38ee29a4195c8.queue.core.windows.net",
            "primary_table_endpoint": "https://diag2eb38ee29a4195c8.table.core.windows.net/",
            "primary_table_host": "diag2eb38ee29a4195c8.table.core.windows.net",
            "primary_web_endpoint": "https://diag2eb38ee29a4195c8.z13.web.core.windows.net/",
            "primary_web_host": "diag2eb38ee29a4195c8.z13.web.core.windows.net",
            "queue_properties": [
              {
                "cors_rule": [],
                "hour_metrics": [
                  {
                    "enabled": true,
                    "include_apis": true,
                    "retention_policy_days": 7,
                    "version": "1.0"
                  }
                ],
                "logging": [
                  {
                    "delete": false,
                    "read": false,
                    "retention_policy_days": 0,
                    "version": "1.0",
                    "write": false
                  }
                ],
                "minute_metrics": [
                  {
                    "enabled": false,
                    "include_apis": false,
                    "retention_policy_days": 0,
                    "version": "1.0"
                  }
                ]
              }
            ],
            "resource_group_name": "myResourceGroup",
            "secondary_access_key": "cmNL8pLkiyaWVyCqlLQmkVy0NEjEL45vtntz4hv07gxMQ95kSdH9I5X2SLIcWC6ONy50l26jrjXGf0XqwHwyPQ==",
            "secondary_blob_connection_string": "",
            "secondary_blob_endpoint": null,
            "secondary_blob_host": null,
            "secondary_connection_string": "DefaultEndpointsProtocol=https;AccountName=diag2eb38ee29a4195c8;AccountKey=cmNL8pLkiyaWVyCqlLQmkVy0NEjEL45vtntz4hv07gxMQ95kSdH9I5X2SLIcWC6ONy50l26jrjXGf0XqwHwyPQ==;EndpointSuffix=core.windows.net",
            "secondary_dfs_endpoint": null,
            "secondary_dfs_host": null,
            "secondary_file_endpoint": null,
            "secondary_file_host": null,
            "secondary_location": "",
            "secondary_queue_endpoint": null,
            "secondary_queue_host": null,
            "secondary_table_endpoint": null,
            "secondary_table_host": null,
            "secondary_web_endpoint": null,
            "secondary_web_host": null,
            "static_website": [],
            "tags": {
              "environment": "Terraform Demo"
            },
            "timeouts": null
          },
          "sensitive_attributes": [],
          "private": "eyJlMmJmYjczMC1lY2FhLTExZTYtOGY4OC0zNDM2M2JjN2M0YzAiOnsiY3JlYXRlIjozNjAwMDAwMDAwMDAwLCJkZWxldGUiOjM2MDAwMDAwMDAwMDAsInJlYWQiOjMwMDAwMDAwMDAwMCwidXBkYXRlIjozNjAwMDAwMDAwMDAwfSwic2NoZW1hX3ZlcnNpb24iOiIyIn0=",
          "dependencies": [
            "azurerm_resource_group.myterraformgroup",
            "random_id.randomId"
          ]
        }
      ]
    },
    {
      "mode": "managed",
      "type": "azurerm_subnet",
      "name": "myterraformsubnet",
      "provider": "provider[\"registry.terraform.io/hashicorp/azurerm\"]",
      "instances": [
        {
          "schema_version": 0,
          "attributes": {
            "address_prefix": "10.0.2.0/24",
            "address_prefixes": [
              "10.0.2.0/24"
            ],
            "delegation": [],
            "enforce_private_link_endpoint_network_policies": false,
            "enforce_private_link_service_network_policies": false,
            "id": "/subscriptions/6ff4ba06-5b53-4b82-b31c-ece94622dadc/resourceGroups/myResourceGroup/providers/Microsoft.Network/virtualNetworks/myVnet/subnets/mySubnet",
            "name": "mySubnet",
            "resource_group_name": "myResourceGroup",
            "service_endpoint_policy_ids": null,
            "service_endpoints": null,
            "timeouts": null,
            "virtual_network_name": "myVnet"
          },
          "sensitive_attributes": [],
          "private": "eyJlMmJmYjczMC1lY2FhLTExZTYtOGY4OC0zNDM2M2JjN2M0YzAiOnsiY3JlYXRlIjoxODAwMDAwMDAwMDAwLCJkZWxldGUiOjE4MDAwMDAwMDAwMDAsInJlYWQiOjMwMDAwMDAwMDAwMCwidXBkYXRlIjoxODAwMDAwMDAwMDAwfX0=",
          "dependencies": [
            "azurerm_resource_group.myterraformgroup",
            "azurerm_virtual_network.myterraformnetwork"
          ]
        }
      ]
    },
    {
      "mode": "managed",
      "type": "azurerm_virtual_network",
      "name": "myterraformnetwork",
      "provider": "provider[\"registry.terraform.io/hashicorp/azurerm\"]",
      "instances": [
        {
          "schema_version": 0,
          "attributes": {
            "address_space": [
              "10.0.0.0/16"
            ],
            "bgp_community": "",
            "ddos_protection_plan": [],
            "dns_servers": null,
            "guid": "5bde9f48-4269-4f8c-ac78-a28e07e582f5",
            "id": "/subscriptions/6ff4ba06-5b53-4b82-b31c-ece94622dadc/resourceGroups/myResourceGroup/providers/Microsoft.Network/virtualNetworks/myVnet",
            "location": "eastus",
            "name": "myVnet",
            "resource_group_name": "myResourceGroup",
            "subnet": [],
            "tags": {
              "environment": "Terraform Demo"
            },
            "timeouts": null,
            "vm_protection_enabled": false
          },
          "sensitive_attributes": [],
          "private": "eyJlMmJmYjczMC1lY2FhLTExZTYtOGY4OC0zNDM2M2JjN2M0YzAiOnsiY3JlYXRlIjoxODAwMDAwMDAwMDAwLCJkZWxldGUiOjE4MDAwMDAwMDAwMDAsInJlYWQiOjMwMDAwMDAwMDAwMCwidXBkYXRlIjoxODAwMDAwMDAwMDAwfX0=",
          "dependencies": [
            "azurerm_resource_group.myterraformgroup"
          ]
        }
      ]
    },
    {
      "mode": "managed",
      "type": "random_id",
      "name": "randomId",
      "provider": "provider[\"registry.terraform.io/hashicorp/random\"]",
      "instances": [
        {
          "schema_version": 0,
          "attributes": {
            "b64_std": "LrOO4ppBlcg=",
            "b64_url": "LrOO4ppBlcg",
            "byte_length": 8,
            "dec": "3365190450477635016",
            "hex": "2eb38ee29a4195c8",
            "id": "LrOO4ppBlcg",
            "keepers": {
              "resource_group": "myResourceGroup"
            },
            "prefix": null
          },
          "sensitive_attributes": [],
          "private": "bnVsbA==",
          "dependencies": [
            "azurerm_resource_group.myterraformgroup"
          ]
        }
      ]
    },
    {
      "mode": "managed",
      "type": "tls_private_key",
      "name": "example_ssh",
      "provider": "provider[\"registry.terraform.io/hashicorp/tls\"]",
      "instances": [
        {
          "schema_version": 0,
          "attributes": {
            "algorithm": "RSA",
            "ecdsa_curve": "P224",
            "id": "59cbce71331892f7923508b74c9dfc1b3ca32619",
            "private_key_pem": "-----BEGIN RSA PRIVATE KEY-----\nMIIJKQIBAAKCAgEA0MuoPaQomKdZaWKmlzLCQm6PqfvSYkDb/iPf0Zc7vc3bJBvR\nb1UWT9FlgBk2AqLO/OiQNpk8E2VHsfs5qDPF8NsDGM+XqnMydn/ldfUcC0k+D9Ki\nS4UTqzuJIsH4CMJs8jjMgi+kG0aeEBP+CjSDrpAAtThWMpuIPu7hKeDFwXFrLOG1\nCLZbC/CmU6tNdkgzMQjltsi1juZw3J+CG1B/KdPdWTcxMHJzSRSm9sTlFZTup4JP\n2QRilxF0unOHg45/TbdQz3PRJVOSTj7nVUoEUz9hoDsH7AmPnTSW1tNenHymVMm4\nQCQRNKcvNWEWqxGY4JMUCe6U5crohcELSW2GtbmsH9rjoD+MuxjIsEb6u91aQoYd\n1CrFq7su57YGWyCZ5a90qAsdK/EEUKue/h+rrfetA4zdPos+43zYJ3CGZwzfeDqP\nluJ7Ob5bHILOrUmqU/Nyu5YlV6EXAdY8CZSrgD+W4cHLK8uogdK3UgHbEd0rNULW\nzocMOXrPLAobjuL0f2yquAXuSkoqovmx1XD/V0bozNmhoi8EDxUwo79Jr6H6O1Up\nHniB0t4D89LMxLLDWMtZa53PZZyOopx0H+WJ7AiABhbi9RIB2bpIolwqHjMFpsoi\nloX/W2Y/9WNY36BblZFUgEBEucs7AWki3mX+T0c/BlqMyYpvSHVhj6UsNZECAwEA\nAQKCAgEAwyz88dIYGMqmq/qJm2DZclwDc3Rwr2PNwX0rZbKnJ7/cj55pYlb5aldl\nOB9Y+5HRR1zmIgOPwtmz8U3UEcWDzKgN9w1myvCwRVE838zmEC7BEu1kxI97WV9n\ny9Ph1d5ZFPu/QBrknpKego0NteBtD6qQ3tXwzZHSBHIsjIcOlMs+0k+SeLht13V3\nJVNGL8FCCR42DW0FOrVy3ulEJ+BRXnoruY/8LTtvROtHP/nB4zC6/l6z4TtWJb0t\njnUcQf/cRHuN0L6EzQ2YAAiRGor8DA19ZtiHiT9OvjdAoUQodsOWgD+oOlz8sGlv\nmchN9k+Wxqb13mrlSQEp5o4TzOnTNy/wC+HJj/8CuvG4b6/t7fy7BLKmagX/Hdxc\nUmeC7JVOtdPQtkSI8+VdbsFfFuN+BDk1pYAOOfVQ196y74dQ2LG+nGeyMhXc6gSf\nA2PLgZf/El6Q1h836u9fuV7QWCg8u5WdAq/+apyQsAOmdhLKvyY0pseQbklgg5g/\nIDKbft9FKpLpaTefLLdwy+s2QbrxhwdBe4rsgnCiBGzBhLCsK55bki7XXD/6n20n\naJBFL4+QQFc1tJd+ox2Dgq8twbwpTh3rjsPAYM6oevAeKCDDe/anXTtz9dewbntR\nzRqWkvN2Q/cYXlqP+JWPMT5s8rYRFGJ3eEOSAAFByXEoyFK+P9kCggEBAPBKsTDM\nrRiIE/TEBf8rIOZmN5VwsWLIpWPT0UKAgOV3Sw8J3yu1k6AKwtM5OuCY8VFd2M0W\nn38o7uhUSI2z71Ga57oyIskTXCoDT5WPbSfxHcPayKg5+m7N+Za6uGcIrmQJkbl5\nhAr44mmbAR4pNRqPqY9Aoxsue0g4WapGaWWdkXIk0mSvwhn1H0p6pL3F0hCl8sV+\nDSL1r66yIXH0aLDOiLeMkWKTdoNBxGxQsuvoymVzq+o+T9R/AI/TeJnILMet+wgf\nY/yXIv8qi/l6/wGeVehbi6nNdxEzYNDNG0EGuEqfe58qahAqMHpmBk/BKRzhD/ew\n087nMhw2xkRvIisCggEBAN5x31EEaecDV0hPLNcvrxyoiOGi7bE+I5YjDjYfbiq9\nmSuTjWuUqDYGSDk8rytLouL144K5ojMt0/RFw8gNJV+wUVNQu/ctadIvO6CfEGD4\negz6242XE9qC9q/F9B1TpB+p3Fn7+sObEa6RdN0J6u48HXkSAynyZhSw8hNcwhcR\nb/Ao5MgL9YToDQyNS0nuWkrtXhe/zdtfHEk57eV2QTkqffHXPdm8hNKcUXvW12mz\niQbBRNtxncqkFDPBeEKPJjrSNR2gkkQfLhL+F/6hD7j7hVJ3Ns46cOP2RbWBxfw4\n/ozeB+bNqNuJIunQdFoepofsCaVeEmszIUJiLr+gtTMCggEAZyzrIDUCLgJf7z0s\nBgCSw9soCra0s+HLgi21MITU07KBPBfVB4OTu6hjNybfrQh+tZ1CNe181rDQxFlM\nPewA2l1VGpHkdcomTLPXPDS1fez+BtauSe17JpCylpHeE/+aQcIKHEWc+MkdDpNL\ny5OOBbWh7KyoXEd9D+mCNqa9IrChfw1oeWsuQM8LfINksUd7h0J6F2qkYVp08OHz\nkmaLfT9xXL6yvkzrGjjnCkssSDdQkHc2XgIbbPaLWzZGFmHpOGPv4fD4kcCjekTe\njWTOkfdWk8qbEXHzqiMRcxZemXE1OHV6M0GXARHcdvHPy/b4nDnXDVeT2sdSsOKk\nB0ZguQKCAQEAowotlzE3+fWN7NbzU8mEfOneYhtMQoP8C1goW20QD02mTbU5i2eL\nHwXdu+4Jqh8nBVkaZz9ubjqhxsG3rRJNmWQfR4S+MH5duIucFa9gjuKweoEHmTDp\ngVhKPS1HLpOWkQqsElxJQUOQYzYDxNs3EWSIaavVG9KqFXJYC+8J52SFei5O+X0i\neEapAdEyJL8J+S8fryKLXMXKcrV985iIV8EYTMDpeYTeiYu/gZhHjRblUUkpEfql\nn9hBYmnknkxTxfs6qTt+2WVNHOiWZ7BfWMMpxfbQ+bkF82AXWeEDX0na8R7wBbAp\nmrdaGqwKC9+5SZisvUNFFsOEFibmgtfk1wKCAQA/uDe/B9VxpObNzHup3hf5kyDu\nveeBp7IKjxt+nOu7k6B5pZpBiLrjaMi29hxx3xVlC5oVSxvxUg5g/PHxIBhROpt/\na3jVA5FJV670u4a0+anpBcAX8PYTiwm7W1Ls9rIEzv4FVD/X3tZNbvaqhClb/kH5\nuN/3hWujLO9/Pn2oWCR15/4QKPMKG8Cp7tMcFMesL3NuaLWoqdGEHZMgKtKxKnVL\nxYXM8wyaF1LVcsFMH2ap5jW0OQxXUyG9ObJc1YqnsvexXTWeovLvP+h94eGtGkcz\nK2JinCC9U/7bodk8gQnWgqnT0mwFVXYtmuuZQ+oTYDl+IEJO4nMUweYzKdlN\n-----END RSA PRIVATE KEY-----\n",
            "public_key_fingerprint_md5": "a1:6f:f1:0a:3f:0e:de:1b:da:0e:c8:2d:59:80:e6:e8",
            "public_key_openssh": "ssh-rsa AAAAB3NzaC1yc2EAAAADAQABAAACAQDQy6g9pCiYp1lpYqaXMsJCbo+p+9JiQNv+I9/Rlzu9zdskG9FvVRZP0WWAGTYCos786JA2mTwTZUex+zmoM8Xw2wMYz5eqczJ2f+V19RwLST4P0qJLhROrO4kiwfgIwmzyOMyCL6QbRp4QE/4KNIOukAC1OFYym4g+7uEp4MXBcWss4bUItlsL8KZTq012SDMxCOW2yLWO5nDcn4IbUH8p091ZNzEwcnNJFKb2xOUVlO6ngk/ZBGKXEXS6c4eDjn9Nt1DPc9ElU5JOPudVSgRTP2GgOwfsCY+dNJbW016cfKZUybhAJBE0py81YRarEZjgkxQJ7pTlyuiFwQtJbYa1uawf2uOgP4y7GMiwRvq73VpChh3UKsWruy7ntgZbIJnlr3SoCx0r8QRQq57+H6ut960DjN0+iz7jfNgncIZnDN94Oo+W4ns5vlscgs6tSapT83K7liVXoRcB1jwJlKuAP5bhwcsry6iB0rdSAdsR3Ss1QtbOhww5es8sChuO4vR/bKq4Be5KSiqi+bHVcP9XRujM2aGiLwQPFTCjv0mvofo7VSkeeIHS3gPz0szEssNYy1lrnc9lnI6inHQf5YnsCIAGFuL1EgHZukiiXCoeMwWmyiKWhf9bZj/1Y1jfoFuVkVSAQES5yzsBaSLeZf5PRz8GWozJim9IdWGPpSw1kQ==\n",
            "public_key_pem": "-----BEGIN PUBLIC KEY-----\nMIICIjANBgkqhkiG9w0BAQEFAAOCAg8AMIICCgKCAgEA0MuoPaQomKdZaWKmlzLC\nQm6PqfvSYkDb/iPf0Zc7vc3bJBvRb1UWT9FlgBk2AqLO/OiQNpk8E2VHsfs5qDPF\n8NsDGM+XqnMydn/ldfUcC0k+D9KiS4UTqzuJIsH4CMJs8jjMgi+kG0aeEBP+CjSD\nrpAAtThWMpuIPu7hKeDFwXFrLOG1CLZbC/CmU6tNdkgzMQjltsi1juZw3J+CG1B/\nKdPdWTcxMHJzSRSm9sTlFZTup4JP2QRilxF0unOHg45/TbdQz3PRJVOSTj7nVUoE\nUz9hoDsH7AmPnTSW1tNenHymVMm4QCQRNKcvNWEWqxGY4JMUCe6U5crohcELSW2G\ntbmsH9rjoD+MuxjIsEb6u91aQoYd1CrFq7su57YGWyCZ5a90qAsdK/EEUKue/h+r\nrfetA4zdPos+43zYJ3CGZwzfeDqPluJ7Ob5bHILOrUmqU/Nyu5YlV6EXAdY8CZSr\ngD+W4cHLK8uogdK3UgHbEd0rNULWzocMOXrPLAobjuL0f2yquAXuSkoqovmx1XD/\nV0bozNmhoi8EDxUwo79Jr6H6O1UpHniB0t4D89LMxLLDWMtZa53PZZyOopx0H+WJ\n7AiABhbi9RIB2bpIolwqHjMFpsoiloX/W2Y/9WNY36BblZFUgEBEucs7AWki3mX+\nT0c/BlqMyYpvSHVhj6UsNZECAwEAAQ==\n-----END PUBLIC KEY-----\n",
            "rsa_bits": 4096
          },
          "sensitive_attributes": [],
          "private": "bnVsbA=="
        }
      ]
    }
  ]
}
